{
  "name": "server",
  "version": "1.0.0",
  "lockfileVersion": 1,
  "requires": true,
  "dependencies": {
    "formidable": {
      "version": "1.2.1",
      "resolved": "https://registry.npm.taobao.org/formidable/download/formidable-1.2.1.tgz",
      "integrity": "sha1-cPt8oCkO5v+WEJBBX0s989IIJlk="
    },
    "jsonxml": {
      "version": "1.0.0",
      "resolved": "https://registry.npm.taobao.org/jsonxml/download/jsonxml-1.0.0.tgz",
      "integrity": "sha1-zd6/S8xVCck6JrMYKlflwU8+6pY="
    }
  }
}
